
Microsoft Visual Studio Solution File, Format Version 12.00
# Visual Studio Version 17
VisualStudioVersion = 17.1.32319.34
MinimumVisualStudioVersion = 10.0.40219.1
Project("{9A19103F-16F7-4668-BE54-9A1E7A4F7556}") = "BooksDemoRazor", "BooksDemoRazor\BooksDemoRazor.csproj", "{607985F6-BBE4-43E9-8626-8C862C2DB3D1}"
EndProject
Project("{9A19103F-16F7-4668-BE54-9A1E7A4F7556}") = "BooksRazorDemo2", "BooksRazorDemo2\BooksRazorDemo2.csproj", "{EFBDFFA3-3F74-4EC9-8D45-FAE63217C268}"
EndProject
Global
	GlobalSection(SolutionConfigurationPlatforms) = preSolution
		Debug|Any CPU = Debug|Any CPU
		Release|Any CPU = Release|Any CPU
	EndGlobalSection
	GlobalSection(ProjectConfigurationPlatforms) = postSolution
		{607985F6-BBE4-43E9-8626-8C862C2DB3D1}.Debug|Any CPU.ActiveCfg = Debug|Any CPU
		{607985F6-BBE4-43E9-8626-8C862C2DB3D1}.Debug|Any CPU.Build.0 = Debug|Any CPU
		{607985F6-BBE4-43E9-8626-8C862C2DB3D1}.Release|Any CPU.ActiveCfg = Release|Any CPU
		{607985F6-BBE4-43E9-8626-8C862C2DB3D1}.Release|Any CPU.Build.0 = Release|Any CPU
		{EFBDFFA3-3F74-4EC9-8D45-FAE63217C268}.Debug|Any CPU.ActiveCfg = Debug|Any CPU
		{EFBDFFA3-3F74-4EC9-8D45-FAE63217C268}.Debug|Any CPU.Build.0 = Debug|Any CPU
		{EFBDFFA3-3F74-4EC9-8D45-FAE63217C268}.Release|Any CPU.ActiveCfg = Release|Any CPU
		{EFBDFFA3-3F74-4EC9-8D45-FAE63217C268}.Release|Any CPU.Build.0 = Release|Any CPU
	EndGlobalSection
	GlobalSection(SolutionProperties) = preSolution
		HideSolutionNode = FALSE
	EndGlobalSection
	GlobalSection(ExtensibilityGlobals) = postSolution
		SolutionGuid = {26DA5CE1-19D8-4DFC-A07A-1272EFA5ED74}
	EndGlobalSection
EndGlobal
